
Microsoft Visual Studio Solution File, Format Version 12.00
# Visual Studio Version 16
VisualStudioVersion = 16.0.32602.291
MinimumVisualStudioVersion = 10.0.40219.1
Project("{FAE04EC0-301F-11D3-BF4B-00C04F79EFBC}") = "ReflexOyunuForm", "ReflexOyunuForm\ReflexOyunuForm.csproj", "{A713AAED-F61B-4161-B142-48007BC3DC8C}"
EndProject
Global
	GlobalSection(SolutionConfigurationPlatforms) = preSolution
		Debug|Any CPU = Debug|Any CPU
		Release|Any CPU = Release|Any CPU
	EndGlobalSection
	GlobalSection(ProjectConfigurationPlatforms) = postSolution
		{A713AAED-F61B-4161-B142-48007BC3DC8C}.Debug|Any CPU.ActiveCfg = Debug|Any CPU
		{A713AAED-F61B-4161-B142-48007BC3DC8C}.Debug|Any CPU.Build.0 = Debug|Any CPU
		{A713AAED-F61B-4161-B142-48007BC3DC8C}.Release|Any CPU.ActiveCfg = Release|Any CPU
		{A713AAED-F61B-4161-B142-48007BC3DC8C}.Release|Any CPU.Build.0 = Release|Any CPU
	EndGlobalSection
	GlobalSection(SolutionProperties) = preSolution
		HideSolutionNode = FALSE
	EndGlobalSection
	GlobalSection(ExtensibilityGlobals) = postSolution
		SolutionGuid = {2868B00A-A585-4E9A-AE6A-29720446BCF3}
	EndGlobalSection
EndGlobal
